// !$*UTF8*$!
{
	archiveVersion = 1;
	classes = {
	};
	objectVersion = 46;
	objects = {

/* Begin PBXBuildFile section */
		363577F5172FB65A00A17CFC /* Welcome.txt in Resources */ = {isa = PBXBuildFile; fileRef = 363577F4172FB65A00A17CFC /* Welcome.txt */; };
		36CF558F16DD7EAE0028A8D1 /* UIKit.framework in Frameworks */ = {isa = PBXBuildFile; fileRef = 36CF558E16DD7EAE0028A8D1 /* UIKit.framework */; };
		36CF559116DD7EAE0028A8D1 /* Foundation.framework in Frameworks */ = {isa = PBXBuildFile; fileRef = 36CF559016DD7EAE0028A8D1 /* Foundation.framework */; };
		36CF559316DD7EAE0028A8D1 /* CoreGraphics.framework in Frameworks */ = {isa = PBXBuildFile; fileRef = 36CF559216DD7EAE0028A8D1 /* CoreGraphics.framework */; };
		36CF559B16DD7EAE0028A8D1 /* main.m in Sources */ = {isa = PBXBuildFile; fileRef = 36CF559A16DD7EAE0028A8D1 /* main.m */; };
		36CF559F16DD7EAE0028A8D1 /* AppDelegate.m in Sources */ = {isa = PBXBuildFile; fileRef = 36CF559E16DD7EAE0028A8D1 /* AppDelegate.m */; };
		36CF55A116DD7EAE0028A8D1 /* Default.png in Resources */ = {isa = PBXBuildFile; fileRef = 36CF55A016DD7EAE0028A8D1 /* Default.png */; };
		36CF55A316DD7EAE0028A8D1 /* Default@2x.png in Resources */ = {isa = PBXBuildFile; fileRef = 36CF55A216DD7EAE0028A8D1 /* Default@2x.png */; };
		36CF55A516DD7EAE0028A8D1 /* Default-568h@2x.png in Resources */ = {isa = PBXBuildFile; fileRef = 36CF55A416DD7EAE0028A8D1 /* Default-568h@2x.png */; };
		36CF55AD16DD7EC70028A8D1 /* Task.m in Sources */ = {isa = PBXBuildFile; fileRef = 36CF55AC16DD7EC70028A8D1 /* Task.m */; };
		36D9E22916DFC273002E74C2 /* Checkbox-Checked@2x.png in Resources */ = {isa = PBXBuildFile; fileRef = 36D9E22716DFC273002E74C2 /* Checkbox-Checked@2x.png */; };
		36D9E22A16DFC273002E74C2 /* Checkbox-Empty@2x.png in Resources */ = {isa = PBXBuildFile; fileRef = 36D9E22816DFC273002E74C2 /* Checkbox-Empty@2x.png */; };
		36E85B9C16DE5F5000F6BA8F /* TasksTableViewController.m in Sources */ = {isa = PBXBuildFile; fileRef = 36E85B9B16DE5F5000F6BA8F /* TasksTableViewController.m */; };
		36E85BA016DE614E00F6BA8F /* TaskCell.m in Sources */ = {isa = PBXBuildFile; fileRef = 36E85B9F16DE614E00F6BA8F /* TaskCell.m */; };
		3B2192F61734C61B00929B54 /* UIImage+NamedImages.m in Sources */ = {isa = PBXBuildFile; fileRef = 3B2192F51734C61B00929B54 /* UIImage+NamedImages.m */; };
		3B2192F91734E92F00929B54 /* Icon.png in Resources */ = {isa = PBXBuildFile; fileRef = 3B2192F71734E92E00929B54 /* Icon.png */; };
		3B2192FA1734E92F00929B54 /* Icon@2x.png in Resources */ = {isa = PBXBuildFile; fileRef = 3B2192F81734E92E00929B54 /* Icon@2x.png */; };
		3B2192FD17355DC700929B54 /* Icon-72.png in Resources */ = {isa = PBXBuildFile; fileRef = 3B2192FB17355DC700929B54 /* Icon-72.png */; };
		3B2192FE17355DC700929B54 /* Icon-72@2x.png in Resources */ = {isa = PBXBuildFile; fileRef = 3B2192FC17355DC700929B54 /* Icon-72@2x.png */; };
/* End PBXBuildFile section */

/* Begin PBXFileReference section */
		363577F4172FB65A00A17CFC /* Welcome.txt */ = {isa = PBXFileReference; fileEncoding = 4; lastKnownFileType = text; path = Welcome.txt; sourceTree = "<group>"; };
		36CF558A16DD7EAE0028A8D1 /* MyTasks.app */ = {isa = PBXFileReference; explicitFileType = wrapper.application; includeInIndex = 0; path = MyTasks.app; sourceTree = BUILT_PRODUCTS_DIR; };
		36CF558E16DD7EAE0028A8D1 /* UIKit.framework */ = {isa = PBXFileReference; lastKnownFileType = wrapper.framework; name = UIKit.framework; path = System/Library/Frameworks/UIKit.framework; sourceTree = SDKROOT; };
		36CF559016DD7EAE0028A8D1 /* Foundation.framework */ = {isa = PBXFileReference; lastKnownFileType = wrapper.framework; name = Foundation.framework; path = System/Library/Frameworks/Foundation.framework; sourceTree = SDKROOT; };
		36CF559216DD7EAE0028A8D1 /* CoreGraphics.framework */ = {isa = PBXFileReference; lastKnownFileType = wrapper.framework; name = CoreGraphics.framework; path = System/Library/Frameworks/CoreGraphics.framework; sourceTree = SDKROOT; };
		36CF559616DD7EAE0028A8D1 /* Tasks-Info.plist */ = {isa = PBXFileReference; lastKnownFileType = text.plist.xml; path = "Tasks-Info.plist"; sourceTree = "<group>"; };
		36CF559A16DD7EAE0028A8D1 /* main.m */ = {isa = PBXFileReference; lastKnownFileType = sourcecode.c.objc; path = main.m; sourceTree = "<group>"; };
		36CF559C16DD7EAE0028A8D1 /* Tasks-Prefix.pch */ = {isa = PBXFileReference; lastKnownFileType = sourcecode.c.h; path = "Tasks-Prefix.pch"; sourceTree = "<group>"; };
		36CF559D16DD7EAE0028A8D1 /* AppDelegate.h */ = {isa = PBXFileReference; lastKnownFileType = sourcecode.c.h; path = AppDelegate.h; sourceTree = "<group>"; };
		36CF559E16DD7EAE0028A8D1 /* AppDelegate.m */ = {isa = PBXFileReference; lastKnownFileType = sourcecode.c.objc; path = AppDelegate.m; sourceTree = "<group>"; };
		36CF55A016DD7EAE0028A8D1 /* Default.png */ = {isa = PBXFileReference; lastKnownFileType = image.png; path = Default.png; sourceTree = "<group>"; };
		36CF55A216DD7EAE0028A8D1 /* Default@2x.png */ = {isa = PBXFileReference; lastKnownFileType = image.png; path = "Default@2x.png"; sourceTree = "<group>"; };
		36CF55A416DD7EAE0028A8D1 /* Default-568h@2x.png */ = {isa = PBXFileReference; lastKnownFileType = image.png; path = "Default-568h@2x.png"; sourceTree = "<group>"; };
		36CF55AB16DD7EC70028A8D1 /* Task.h */ = {isa = PBXFileReference; fileEncoding = 4; lastKnownFileType = sourcecode.c.h; path = Task.h; sourceTree = "<group>"; };
		36CF55AC16DD7EC70028A8D1 /* Task.m */ = {isa = PBXFileReference; fileEncoding = 4; lastKnownFileType = sourcecode.c.objc; path = Task.m; sourceTree = "<group>"; };
		36D9E22716DFC273002E74C2 /* Checkbox-Checked@2x.png */ = {isa = PBXFileReference; lastKnownFileType = image.png; path = "Checkbox-Checked@2x.png"; sourceTree = "<group>"; };
		36D9E22816DFC273002E74C2 /* Checkbox-Empty@2x.png */ = {isa = PBXFileReference; lastKnownFileType = image.png; path = "Checkbox-Empty@2x.png"; sourceTree = "<group>"; };
		36E85B9A16DE5F5000F6BA8F /* TasksTableViewController.h */ = {isa = PBXFileReference; fileEncoding = 4; lastKnownFileType = sourcecode.c.h; path = TasksTableViewController.h; sourceTree = "<group>"; };
		36E85B9B16DE5F5000F6BA8F /* TasksTableViewController.m */ = {isa = PBXFileReference; fileEncoding = 4; lastKnownFileType = sourcecode.c.objc; path = TasksTableViewController.m; sourceTree = "<group>"; };
		36E85B9E16DE614E00F6BA8F /* TaskCell.h */ = {isa = PBXFileReference; fileEncoding = 4; lastKnownFileType = sourcecode.c.h; path = TaskCell.h; sourceTree = "<group>"; };
		36E85B9F16DE614E00F6BA8F /* TaskCell.m */ = {isa = PBXFileReference; fileEncoding = 4; lastKnownFileType = sourcecode.c.objc; path = TaskCell.m; sourceTree = "<group>"; };
		3B2192F41734C61B00929B54 /* UIImage+NamedImages.h */ = {isa = PBXFileReference; fileEncoding = 4; lastKnownFileType = sourcecode.c.h; path = "UIImage+NamedImages.h"; sourceTree = "<group>"; };
		3B2192F51734C61B00929B54 /* UIImage+NamedImages.m */ = {isa = PBXFileReference; fileEncoding = 4; lastKnownFileType = sourcecode.c.objc; path = "UIImage+NamedImages.m"; sourceTree = "<group>"; };
		3B2192F71734E92E00929B54 /* Icon.png */ = {isa = PBXFileReference; lastKnownFileType = image.png; name = Icon.png; path = ../Icon.png; sourceTree = "<group>"; };
		3B2192F81734E92E00929B54 /* Icon@2x.png */ = {isa = PBXFileReference; lastKnownFileType = image.png; name = "Icon@2x.png"; path = "../Icon@2x.png"; sourceTree = "<group>"; };
		3B2192FB17355DC700929B54 /* Icon-72.png */ = {isa = PBXFileReference; lastKnownFileType = image.png; name = "Icon-72.png"; path = "../Icon-72.png"; sourceTree = "<group>"; };
		3B2192FC17355DC700929B54 /* Icon-72@2x.png */ = {isa = PBXFileReference; lastKnownFileType = image.png; name = "Icon-72@2x.png"; path = "../Icon-72@2x.png"; sourceTree = "<group>"; };
/* End PBXFileReference section */

/* Begin PBXFrameworksBuildPhase section */
		36CF558716DD7EAE0028A8D1 /* Frameworks */ = {
			isa = PBXFrameworksBuildPhase;
			buildActionMask = 2147483647;
			files = (
				36CF558F16DD7EAE0028A8D1 /* UIKit.framework in Frameworks */,
				36CF559116DD7EAE0028A8D1 /* Foundation.framework in Frameworks */,
				36CF559316DD7EAE0028A8D1 /* CoreGraphics.framework in Frameworks */,
			);
			runOnlyForDeploymentPostprocessing = 0;
		};
/* End PBXFrameworksBuildPhase section */

/* Begin PBXGroup section */
		36CF557F16DD7EAE0028A8D1 = {
			isa = PBXGroup;
			children = (
				363577F4172FB65A00A17CFC /* Welcome.txt */,
				36CF559416DD7EAE0028A8D1 /* Tasks */,
				36CF558D16DD7EAE0028A8D1 /* Frameworks */,
				36CF558B16DD7EAE0028A8D1 /* Products */,
			);
			sourceTree = "<group>";
		};
		36CF558B16DD7EAE0028A8D1 /* Products */ = {
			isa = PBXGroup;
			children = (
				36CF558A16DD7EAE0028A8D1 /* MyTasks.app */,
			);
			name = Products;
			sourceTree = "<group>";
		};
		36CF558D16DD7EAE0028A8D1 /* Frameworks */ = {
			isa = PBXGroup;
			children = (
				36CF558E16DD7EAE0028A8D1 /* UIKit.framework */,
				36CF559016DD7EAE0028A8D1 /* Foundation.framework */,
				36CF559216DD7EAE0028A8D1 /* CoreGraphics.framework */,
			);
			name = Frameworks;
			sourceTree = "<group>";
		};
		36CF559416DD7EAE0028A8D1 /* Tasks */ = {
			isa = PBXGroup;
			children = (
				3B2192F31734C5FB00929B54 /* categories */,
				36CF559D16DD7EAE0028A8D1 /* AppDelegate.h */,
				36CF559E16DD7EAE0028A8D1 /* AppDelegate.m */,
				36CF55AB16DD7EC70028A8D1 /* Task.h */,
				36CF55AC16DD7EC70028A8D1 /* Task.m */,
				36E85B9E16DE614E00F6BA8F /* TaskCell.h */,
				36E85B9F16DE614E00F6BA8F /* TaskCell.m */,
				36E85B9A16DE5F5000F6BA8F /* TasksTableViewController.h */,
				36E85B9B16DE5F5000F6BA8F /* TasksTableViewController.m */,
				36CF559516DD7EAE0028A8D1 /* Supporting Files */,
			);
			path = Tasks;
			sourceTree = "<group>";
		};
		36CF559516DD7EAE0028A8D1 /* Supporting Files */ = {
			isa = PBXGroup;
			children = (
				3B2192FB17355DC700929B54 /* Icon-72.png */,
				3B2192FC17355DC700929B54 /* Icon-72@2x.png */,
				3B2192F71734E92E00929B54 /* Icon.png */,
				3B2192F81734E92E00929B54 /* Icon@2x.png */,
				36CF559616DD7EAE0028A8D1 /* Tasks-Info.plist */,
				36CF559A16DD7EAE0028A8D1 /* main.m */,
				36CF559C16DD7EAE0028A8D1 /* Tasks-Prefix.pch */,
				36CF55A016DD7EAE0028A8D1 /* Default.png */,
				36CF55A216DD7EAE0028A8D1 /* Default@2x.png */,
				36CF55A416DD7EAE0028A8D1 /* Default-568h@2x.png */,
				36D9E22716DFC273002E74C2 /* Checkbox-Checked@2x.png */,
				36D9E22816DFC273002E74C2 /* Checkbox-Empty@2x.png */,
			);
			name = "Supporting Files";
			sourceTree = "<group>";
		};
		3B2192F31734C5FB00929B54 /* categories */ = {
			isa = PBXGroup;
			children = (
				3B2192F41734C61B00929B54 /* UIImage+NamedImages.h */,
				3B2192F51734C61B00929B54 /* UIImage+NamedImages.m */,
			);
			name = categories;
			sourceTree = "<group>";
		};
/* End PBXGroup section */

/* Begin PBXNativeTarget section */
		36CF558916DD7EAE0028A8D1 /* MyTasks */ = {
			isa = PBXNativeTarget;
			buildConfigurationList = 36CF55A816DD7EAE0028A8D1 /* Build configuration list for PBXNativeTarget "MyTasks" */;
			buildPhases = (
				36CF558616DD7EAE0028A8D1 /* Sources */,
				36CF558716DD7EAE0028A8D1 /* Frameworks */,
				36CF558816DD7EAE0028A8D1 /* Resources */,
			);
			buildRules = (
			);
			dependencies = (
			);
			name = MyTasks;
			productName = Tasks;
			productReference = 36CF558A16DD7EAE0028A8D1 /* MyTasks.app */;
			productType = "com.apple.product-type.application";
		};
/* End PBXNativeTarget section */

/* Begin PBXProject section */
		36CF558116DD7EAE0028A8D1 /* Project object */ = {
			isa = PBXProject;
			attributes = {
				LastUpgradeCheck = 0450;
				ORGANIZATIONNAME = "Cultured Code";
			};
			buildConfigurationList = 36CF558416DD7EAE0028A8D1 /* Build configuration list for PBXProject "Tasks" */;
			compatibilityVersion = "Xcode 3.2";
			developmentRegion = English;
			hasScannedForEncodings = 0;
			knownRegions = (
				en,
			);
			mainGroup = 36CF557F16DD7EAE0028A8D1;
			productRefGroup = 36CF558B16DD7EAE0028A8D1 /* Products */;
			projectDirPath = "";
			projectRoot = "";
			targets = (
				36CF558916DD7EAE0028A8D1 /* MyTasks */,
			);
		};
/* End PBXProject section */

/* Begin PBXResourcesBuildPhase section */
		36CF558816DD7EAE0028A8D1 /* Resources */ = {
			isa = PBXResourcesBuildPhase;
			buildActionMask = 2147483647;
			files = (
				36CF55A116DD7EAE0028A8D1 /* Default.png in Resources */,
				36CF55A316DD7EAE0028A8D1 /* Default@2x.png in Resources */,
				36CF55A516DD7EAE0028A8D1 /* Default-568h@2x.png in Resources */,
				36D9E22916DFC273002E74C2 /* Checkbox-Checked@2x.png in Resources */,
				36D9E22A16DFC273002E74C2 /* Checkbox-Empty@2x.png in Resources */,
				363577F5172FB65A00A17CFC /* Welcome.txt in Resources */,
				3B2192F91734E92F00929B54 /* Icon.png in Resources */,
				3B2192FA1734E92F00929B54 /* Icon@2x.png in Resources */,
				3B2192FD17355DC700929B54 /* Icon-72.png in Resources */,
				3B2192FE17355DC700929B54 /* Icon-72@2x.png in Resources */,
			);
			runOnlyForDeploymentPostprocessing = 0;
		};
/* End PBXResourcesBuildPhase section */

/* Begin PBXSourcesBuildPhase section */
		36CF558616DD7EAE0028A8D1 /* Sources */ = {
			isa = PBXSourcesBuildPhase;
			buildActionMask = 2147483647;
			files = (
				36CF559B16DD7EAE0028A8D1 /* main.m in Sources */,
				36CF559F16DD7EAE0028A8D1 /* AppDelegate.m in Sources */,
				36CF55AD16DD7EC70028A8D1 /* Task.m in Sources */,
				36E85B9C16DE5F5000F6BA8F /* TasksTableViewController.m in Sources */,
				36E85BA016DE614E00F6BA8F /* TaskCell.m in Sources */,
				3B2192F61734C61B00929B54 /* UIImage+NamedImages.m in Sources */,
			);
			runOnlyForDeploymentPostprocessing = 0;
		};
/* End PBXSourcesBuildPhase section */

/* Begin XCBuildConfiguration section */
		36CF55A616DD7EAE0028A8D1 /* Debug */ = {
			isa = XCBuildConfiguration;
			buildSettings = {
				ALWAYS_SEARCH_USER_PATHS = NO;
				CLANG_CXX_LANGUAGE_STANDARD = "gnu++0x";
				CLANG_CXX_LIBRARY = "libc++";
				CLANG_WARN_EMPTY_BODY = YES;
				CLANG_WARN__DUPLICATE_METHOD_MATCH = YES;
				"CODE_SIGN_IDENTITY[sdk=iphoneos*]" = "iPhone Developer";
				COPY_PHASE_STRIP = NO;
				GCC_C_LANGUAGE_STANDARD = gnu99;
				GCC_DYNAMIC_NO_PIC = NO;
				GCC_OPTIMIZATION_LEVEL = 0;
				GCC_PREPROCESSOR_DEFINITIONS = (
					"DEBUG=1",
					"$(inherited)",
				);
				GCC_SYMBOLS_PRIVATE_EXTERN = NO;
				GCC_WARN_ABOUT_RETURN_TYPE = YES;
				GCC_WARN_UNINITIALIZED_AUTOS = YES;
				GCC_WARN_UNUSED_VARIABLE = YES;
				IPHONEOS_DEPLOYMENT_TARGET = 6.0;
				ONLY_ACTIVE_ARCH = YES;
				SDKROOT = iphoneos;
				TARGETED_DEVICE_FAMILY = "1,2";
			};
			name = Debug;
		};
		36CF55A716DD7EAE0028A8D1 /* Release */ = {
			isa = XCBuildConfiguration;
			buildSettings = {
				ALWAYS_SEARCH_USER_PATHS = NO;
				CLANG_CXX_LANGUAGE_STANDARD = "gnu++0x";
				CLANG_CXX_LIBRARY = "libc++";
				CLANG_WARN_EMPTY_BODY = YES;
				CLANG_WARN__DUPLICATE_METHOD_MATCH = YES;
				"CODE_SIGN_IDENTITY[sdk=iphoneos*]" = "iPhone Developer";
				COPY_PHASE_STRIP = YES;
				GCC_C_LANGUAGE_STANDARD = gnu99;
				GCC_WARN_ABOUT_RETURN_TYPE = YES;
				GCC_WARN_UNINITIALIZED_AUTOS = YES;
				GCC_WARN_UNUSED_VARIABLE = YES;
				IPHONEOS_DEPLOYMENT_TARGET = 6.0;
				OTHER_CFLAGS = "-DNS_BLOCK_ASSERTIONS=1";
				SDKROOT = iphoneos;
				TARGETED_DEVICE_FAMILY = "1,2";
				VALIDATE_PRODUCT = YES;
			};
			name = Release;
		};
		36CF55A916DD7EAE0028A8D1 /* Debug */ = {
			isa = XCBuildConfiguration;
			buildSettings = {
				CLANG_ENABLE_OBJC_ARC = YES;
				GCC_PRECOMPILE_PREFIX_HEADER = YES;
				GCC_PREFIX_HEADER = "Tasks/Tasks-Prefix.pch";
				INFOPLIST_FILE = "Tasks/Tasks-Info.plist";
				PRODUCT_NAME = "$(TARGET_NAME)";
				WRAPPER_EXTENSION = app;
			};
			name = Debug;
		};
		36CF55AA16DD7EAE0028A8D1 /* Release */ = {
			isa = XCBuildConfiguration;
			buildSettings = {
				CLANG_ENABLE_OBJC_ARC = YES;
				GCC_PRECOMPILE_PREFIX_HEADER = YES;
				GCC_PREFIX_HEADER = "Tasks/Tasks-Prefix.pch";
				INFOPLIST_FILE = "Tasks/Tasks-Info.plist";
				PRODUCT_NAME = "$(TARGET_NAME)";
				WRAPPER_EXTENSION = app;
			};
			name = Release;
		};
/* End XCBuildConfiguration section */

/* Begin XCConfigurationList section */
		36CF558416DD7EAE0028A8D1 /* Build configuration list for PBXProject "Tasks" */ = {
			isa = XCConfigurationList;
			buildConfigurations = (
				36CF55A616DD7EAE0028A8D1 /* Debug */,
				36CF55A716DD7EAE0028A8D1 /* Release */,
			);
			defaultConfigurationIsVisible = 0;
			defaultConfigurationName = Release;
		};
		36CF55A816DD7EAE0028A8D1 /* Build configuration list for PBXNativeTarget "MyTasks" */ = {
			isa = XCConfigurationList;
			buildConfigurations = (
				36CF55A916DD7EAE0028A8D1 /* Debug */,
				36CF55AA16DD7EAE0028A8D1 /* Release */,
			);
			defaultConfigurationIsVisible = 0;
			defaultConfigurationName = Release;
		};
/* End XCConfigurationList section */
	};
	rootObject = 36CF558116DD7EAE0028A8D1 /* Project object */;
}
